
Microsoft Visual Studio Solution File, Format Version 12.00
# Visual Studio Version 17
VisualStudioVersion = 17.1.32407.343
MinimumVisualStudioVersion = 10.0.40219.1
Project("{FAE04EC0-301F-11D3-BF4B-00C04F79EFBC}") = "Student Database using Lists", "Student Database using Lists\Student Database using Lists.csproj", "{309606A3-752E-4429-AB1A-3179A855D2B4}"
EndProject
Global
	GlobalSection(SolutionConfigurationPlatforms) = preSolution
		Debug|Any CPU = Debug|Any CPU
		Release|Any CPU = Release|Any CPU
	EndGlobalSection
	GlobalSection(ProjectConfigurationPlatforms) = postSolution
		{309606A3-752E-4429-AB1A-3179A855D2B4}.Debug|Any CPU.ActiveCfg = Debug|Any CPU
		{309606A3-752E-4429-AB1A-3179A855D2B4}.Debug|Any CPU.Build.0 = Debug|Any CPU
		{309606A3-752E-4429-AB1A-3179A855D2B4}.Release|Any CPU.ActiveCfg = Release|Any CPU
		{309606A3-752E-4429-AB1A-3179A855D2B4}.Release|Any CPU.Build.0 = Release|Any CPU
	EndGlobalSection
	GlobalSection(SolutionProperties) = preSolution
		HideSolutionNode = FALSE
	EndGlobalSection
	GlobalSection(ExtensibilityGlobals) = postSolution
		SolutionGuid = {3FE0ACD9-FF2D-4A66-AAFC-336510430D49}
	EndGlobalSection
EndGlobal
